Microsoft Visual Studio Solution File, Format Version 11.00
# Visual Studio 2008

Project("{A22E77BF-1C93-C9A7-4B3E-0865AF8DDE55}") = "Party1", "Assembly-CSharp-firstpass.csproj", "{60F0A129-E5C0-D433-B236-AD663FD6F38E}"
EndProject
Project("{A22E77BF-1C93-C9A7-4B3E-0865AF8DDE55}") = "Party1", "Assembly-CSharp.csproj", "{F9D9FC74-D3F8-17D6-FB75-D0875B5059EE}"
EndProject
Project("{A22E77BF-1C93-C9A7-4B3E-0865AF8DDE55}") = "Party1", "Assembly-CSharp-Editor.csproj", "{349375A3-1F2A-52A1-6469-3004AB017794}"
EndProject
Global
	GlobalSection(SolutionConfigurationPlatforms) = preSolution
		Debug|Any CPU = Debug|Any CPU
		Release|Any CPU = Release|Any CPU
	EndGlobalSection
	GlobalSection(ProjectConfigurationPlatforms) = postSolution
		{60F0A129-E5C0-D433-B236-AD663FD6F38E}.Debug|Any CPU.ActiveCfg = Debug|Any CPU
		{60F0A129-E5C0-D433-B236-AD663FD6F38E}.Debug|Any CPU.Build.0 = Debug|Any CPU
		{60F0A129-E5C0-D433-B236-AD663FD6F38E}.Release|Any CPU.ActiveCfg = Release|Any CPU
		{60F0A129-E5C0-D433-B236-AD663FD6F38E}.Release|Any CPU.Build.0 = Release|Any CPU
		{F9D9FC74-D3F8-17D6-FB75-D0875B5059EE}.Debug|Any CPU.ActiveCfg = Debug|Any CPU
		{F9D9FC74-D3F8-17D6-FB75-D0875B5059EE}.Debug|Any CPU.Build.0 = Debug|Any CPU
		{F9D9FC74-D3F8-17D6-FB75-D0875B5059EE}.Release|Any CPU.ActiveCfg = Release|Any CPU
		{F9D9FC74-D3F8-17D6-FB75-D0875B5059EE}.Release|Any CPU.Build.0 = Release|Any CPU
		{349375A3-1F2A-52A1-6469-3004AB017794}.Debug|Any CPU.ActiveCfg = Debug|Any CPU
		{349375A3-1F2A-52A1-6469-3004AB017794}.Debug|Any CPU.Build.0 = Debug|Any CPU
		{349375A3-1F2A-52A1-6469-3004AB017794}.Release|Any CPU.ActiveCfg = Release|Any CPU
		{349375A3-1F2A-52A1-6469-3004AB017794}.Release|Any CPU.Build.0 = Release|Any CPU
	EndGlobalSection
	GlobalSection(SolutionProperties) = preSolution
		HideSolutionNode = FALSE
	EndGlobalSection
	GlobalSection(MonoDevelopProperties) = preSolution
		StartupItem = Assembly-CSharp.csproj
	EndGlobalSection
EndGlobal
